schema: '2.0'
stages:
  data_ingestion:
    cmd: py src\data\data_ingestion.py
    deps:
    - path: src\data\data_ingestion.py
      hash: md5
      md5: e9a161d7861251a380a35a80933b27c8
      size: 3629
    params:
      params.yaml:
        data_ingestion:
          test_size: 0.2
    outs:
    - path: data\raw
      hash: md5
      md5: fb326d2eec197669f9638afde28356bf.dir
      size: 827973
      nfiles: 2
  data_preprocessing:
    cmd: py src\data\data_preprocessing.py
    deps:
    - path: data\raw
      hash: md5
      md5: fb326d2eec197669f9638afde28356bf.dir
      size: 827973
      nfiles: 2
    - path: src\data\data_preprocessing.py
      hash: md5
      md5: 3796107b7f0c0fea3e684e251c164559
      size: 4061
    outs:
    - path: data\interim
      hash: md5
      md5: c52f2290e848623bebee2a4c7bcf41e3.dir
      size: 572633
      nfiles: 2
  feature_engg:
    cmd: py src\features\feature_engg.py
    deps:
    - path: data\interim
      hash: md5
      md5: c52f2290e848623bebee2a4c7bcf41e3.dir
      size: 572633
      nfiles: 2
    - path: src\features\feature_engg.py
      hash: md5
      md5: 4dd74949785c9edfdbd3b51f44fb3211
      size: 3846
    params:
      params.yaml:
        feature_engg:
          max_features: 50
    outs:
    - path: data\processed
      hash: md5
      md5: 8f1326e6e5de447eafd6c9878b79972a.dir
      size: 2329003
      nfiles: 2
  model_building:
    cmd: py src\models\model_building.py
    deps:
    - path: data\processed
      hash: md5
      md5: 8f1326e6e5de447eafd6c9878b79972a.dir
      size: 2329003
      nfiles: 2
    - path: src\models\model_building.py
      hash: md5
      md5: 8f7029900db33b6d11b7903846685de7
      size: 3113
    params:
      params.yaml:
        model_building:
          n_estimators: 25
          learning_rate: 0.1
    outs:
    - path: models\model.pkl
      hash: md5
      md5: c3e5fe30b477511f0b288690f6999a18
      size: 39393
  model_evaluation:
    cmd: py src\models\model_evaluation.py
    deps:
    - path: data\processed
      hash: md5
      md5: 8f1326e6e5de447eafd6c9878b79972a.dir
      size: 2329003
      nfiles: 2
    - path: models\model.pkl
      hash: md5
      md5: c3e5fe30b477511f0b288690f6999a18
      size: 39393
    - path: src\models\model_evaluation.py
      hash: md5
      md5: 6be1a58dbe245005a24f45ed99135abc
      size: 3413
    outs:
    - path: reports\metrics.json
      hash: md5
      md5: c7cba588095dd5a95deb3143784e4f36
      size: 146
