schema: '2.0'
stages:
  data_ingestion:
    cmd: py src\data\data_ingestion.py
    deps:
    - path: src\data\data_ingestion.py
      hash: md5
      md5: e9a161d7861251a380a35a80933b27c8
      size: 3629
    params:
      params.yaml:
        data_ingestion:
          test_size: 0.2
    outs:
    - path: data\raw
      hash: md5
      md5: fb326d2eec197669f9638afde28356bf.dir
      size: 827973
      nfiles: 2
  data_preprocessing:
    cmd: py src\data\data_preprocessing.py
    deps:
    - path: data\raw
      hash: md5
      md5: fb326d2eec197669f9638afde28356bf.dir
      size: 827973
      nfiles: 2
    - path: src\data\data_preprocessing.py
      hash: md5
      md5: 3796107b7f0c0fea3e684e251c164559
      size: 4061
    outs:
    - path: data\interim
      hash: md5
      md5: c52f2290e848623bebee2a4c7bcf41e3.dir
      size: 572633
      nfiles: 2
  feature_engg:
    cmd: py src\features\feature_engg.py
    deps:
    - path: data\interim
      hash: md5
      md5: c52f2290e848623bebee2a4c7bcf41e3.dir
      size: 572633
      nfiles: 2
    - path: src\features\feature_engg.py
      hash: md5
      md5: a7642ccaf100f780f01382e63db2b0d9
      size: 3845
    params:
      params.yaml:
        feature_engg:
          max_features: 50
    outs:
    - path: data\processed
      hash: md5
      md5: 8c989d7e2665898512c2b07fdd297ec3.dir
      size: 1068816
      nfiles: 2
  model_building:
    cmd: py src\models\model_building.py
    deps:
    - path: data\processed
      hash: md5
      md5: 8c989d7e2665898512c2b07fdd297ec3.dir
      size: 1068816
      nfiles: 2
    - path: src\models\model_building.py
      hash: md5
      md5: 24179362c7558ea8a9a17829bdc3ed58
      size: 3111
    params:
      params.yaml:
        model_building:
          n_estimators: 25
          learning_rate: 0.1
    outs:
    - path: models\model.pkl
      hash: md5
      md5: c42ac83934a3c8b099f58f751f734ea3
      size: 39969
  model_evaluation:
    cmd: py src\models\model_evaluation.py
    deps:
    - path: data\processed
      hash: md5
      md5: 8c989d7e2665898512c2b07fdd297ec3.dir
      size: 1068816
      nfiles: 2
    - path: models\model.pkl
      hash: md5
      md5: c42ac83934a3c8b099f58f751f734ea3
      size: 39969
    - path: src\models\model_evaluation.py
      hash: md5
      md5: 521b4d40ea5635d357358ae2e7e860f5
      size: 3411
    outs:
    - path: reports\metrics.json
      hash: md5
      md5: 085ca609cfca595ec1f85c12191838df
      size: 145
